
Microsoft Visual Studio Solution File, Format Version 12.00
# Visual Studio Version 17
VisualStudioVersion = 17.14.36603.0
MinimumVisualStudioVersion = 10.0.40219.1
Project("{FAE04EC0-301F-11D3-BF4B-00C04F79EFBC}") = "AutoRiaAnalyzer", "AutoRiaAnalyzer.csproj", "{5562BE70-AF78-47DB-AA85-3A0124A2BFD6}"
EndProject
Project("{FAE04EC0-301F-11D3-BF4B-00C04F79EFBC}") = "AutoRiaAnalyzer.Core", "AutoRiaAnalyzer.Core\AutoRiaAnalyzer.Core.csproj", "{05AB54DC-C123-4B70-BE86-C40DDF29BBE4}"
EndProject
Global
	GlobalSection(SolutionConfigurationPlatforms) = preSolution
		Debug|Any CPU = Debug|Any CPU
		Release|Any CPU = Release|Any CPU
	EndGlobalSection
	GlobalSection(ProjectConfigurationPlatforms) = postSolution
		{5562BE70-AF78-47DB-AA85-3A0124A2BFD6}.Debug|Any CPU.ActiveCfg = Debug|Any CPU
		{5562BE70-AF78-47DB-AA85-3A0124A2BFD6}.Debug|Any CPU.Build.0 = Debug|Any CPU
		{5562BE70-AF78-47DB-AA85-3A0124A2BFD6}.Release|Any CPU.ActiveCfg = Release|Any CPU
		{5562BE70-AF78-47DB-AA85-3A0124A2BFD6}.Release|Any CPU.Build.0 = Release|Any CPU
		{05AB54DC-C123-4B70-BE86-C40DDF29BBE4}.Debug|Any CPU.ActiveCfg = Debug|Any CPU
		{05AB54DC-C123-4B70-BE86-C40DDF29BBE4}.Debug|Any CPU.Build.0 = Debug|Any CPU
		{05AB54DC-C123-4B70-BE86-C40DDF29BBE4}.Release|Any CPU.ActiveCfg = Release|Any CPU
		{05AB54DC-C123-4B70-BE86-C40DDF29BBE4}.Release|Any CPU.Build.0 = Release|Any CPU
	EndGlobalSection
	GlobalSection(SolutionProperties) = preSolution
		HideSolutionNode = FALSE
	EndGlobalSection
	GlobalSection(ExtensibilityGlobals) = postSolution
		SolutionGuid = {B055947E-C47E-4EAE-948F-E63C87085B80}
	EndGlobalSection
EndGlobal
